
Microsoft Visual Studio Solution File, Format Version 12.00
# Visual Studio Version 17
VisualStudioVersion = 17.8.34408.163
MinimumVisualStudioVersion = 10.0.40219.1
Project("{FAE04EC0-301F-11D3-BF4B-00C04F79EFBC}") = "Examen2", "Examen2\Examen2.csproj", "{BE56C002-43C4-4BF7-95BA-80BF2AC17371}"
EndProject
Global
	GlobalSection(SolutionConfigurationPlatforms) = preSolution
		Debug|Any CPU = Debug|Any CPU
		Release|Any CPU = Release|Any CPU
	EndGlobalSection
	GlobalSection(ProjectConfigurationPlatforms) = postSolution
		{BE56C002-43C4-4BF7-95BA-80BF2AC17371}.Debug|Any CPU.ActiveCfg = Debug|Any CPU
		{BE56C002-43C4-4BF7-95BA-80BF2AC17371}.Debug|Any CPU.Build.0 = Debug|Any CPU
		{BE56C002-43C4-4BF7-95BA-80BF2AC17371}.Release|Any CPU.ActiveCfg = Release|Any CPU
		{BE56C002-43C4-4BF7-95BA-80BF2AC17371}.Release|Any CPU.Build.0 = Release|Any CPU
	EndGlobalSection
	GlobalSection(SolutionProperties) = preSolution
		HideSolutionNode = FALSE
	EndGlobalSection
	GlobalSection(ExtensibilityGlobals) = postSolution
		SolutionGuid = {8B81F6A7-85AD-4F76-82FD-1BD43060F586}
	EndGlobalSection
EndGlobal
